
Microsoft Visual Studio Solution File, Format Version 12.00
# Visual Studio 15
VisualStudioVersion = 15.0.27004.2009
MinimumVisualStudioVersion = 10.0.40219.1
Project("{2150E333-8FDC-42A3-9474-1A3956D46DE8}") = "果壳中的C++++", "果壳中的C++++", "{F981B958-ADA4-45F1-A244-E2FCD8F12D31}"
EndProject
Project("{FAE04EC0-301F-11D3-BF4B-00C04F79EFBC}") = "00-Common", "果壳中的C++++\00-Common\00-Common.csproj", "{231121C3-E2E2-47B0-BC33-FF2C252A167A}"
EndProject
Project("{FAE04EC0-301F-11D3-BF4B-00C04F79EFBC}") = "01-lambda和linq，委托", "果壳中的C++++\01-lambda和linq，委托\01-lambda和linq，委托.csproj", "{1173936E-C87B-4CFE-9673-6CBB0E59678B}"
EndProject
Project("{FAE04EC0-301F-11D3-BF4B-00C04F79EFBC}") = "02-进程线程", "果壳中的C++++\02-进程线程\02-进程线程.csproj", "{A336D5D3-1F9A-44CC-972A-A69E63B236A3}"
EndProject
Project("{FAE04EC0-301F-11D3-BF4B-00C04F79EFBC}") = "03-类", "果壳中的C++++\03-类\03-类.csproj", "{D3F2CDE0-E12C-4533-A93E-A5CA700350A8}"
EndProject
Project("{FAE04EC0-301F-11D3-BF4B-00C04F79EFBC}") = "04-高级特性", "果壳中的C++++\04-高级特性\04-高级特性.csproj", "{19FA9EDF-0F6E-4791-AE67-847795E4BF2C}"
EndProject
Project("{FAE04EC0-301F-11D3-BF4B-00C04F79EFBC}") = "06-框架基础", "果壳中的C++++\06-框架基础\06-框架基础.csproj", "{0ECB80CC-8F16-47E9-9641-9A9AA2DCDC4A}"
EndProject
Project("{FAE04EC0-301F-11D3-BF4B-00C04F79EFBC}") = "07-集合", "果壳中的C++++\07-集合\07-集合.csproj", "{58430691-32E1-45DE-A282-816CFC572608}"
EndProject
Project("{FAE04EC0-301F-11D3-BF4B-00C04F79EFBC}") = "08-LINQ查询", "果壳中的C++++\08-LINQ查询\08-LINQ查询.csproj", "{3EFADFE6-93BA-45B9-AD39-0DFF7B0F00E3}"
EndProject
Project("{FAE04EC0-301F-11D3-BF4B-00C04F79EFBC}") = "09-LINQ运算符", "果壳中的C++++\09-LINQ运算符\09-LINQ运算符.csproj", "{AD6A5A0F-8E22-4049-AF2C-7793A2378298}"
EndProject
Project("{FAE04EC0-301F-11D3-BF4B-00C04F79EFBC}") = "08-LINQ查询Tests", "果壳中的C++++\08-LINQ查询Tests\08-LINQ查询Tests.csproj", "{846F2071-AC1D-494D-964D-4A13124698DD}"
EndProject
Project("{FAE04EC0-301F-11D3-BF4B-00C04F79EFBC}") = "10-LINQ_TO_XML", "果壳中的C++++\10-LINQ_TO_XML\10-LINQ_TO_XML.csproj", "{5113AA63-5366-4B84-9945-9336A9831C3D}"
EndProject
Project("{FAE04EC0-301F-11D3-BF4B-00C04F79EFBC}") = "12-销毁和垃圾回收", "果壳中的C++++\12-销毁和垃圾回收\12-销毁和垃圾回收.csproj", "{C6E520CE-9331-4990-89FF-508F5C1DCA6F}"
EndProject
Project("{FAE04EC0-301F-11D3-BF4B-00C04F79EFBC}") = "14-并发和异步", "果壳中的C++++\14-并发和异步\14-并发和异步.csproj", "{C8E7852E-7F86-47E9-B1D8-A3A36FB4066E}"
EndProject
Project("{2150E333-8FDC-42A3-9474-1A3956D46DE8}") = "SJMS", "SJMS", "{9CFF041D-0F51-4C1E-B048-F13C098FC7E8}"
EndProject
Project("{2150E333-8FDC-42A3-9474-1A3956D46DE8}") = "Refactoring", "Refactoring", "{C8AC13C3-A8C2-4562-83FF-073AFC0245D5}"
EndProject
Project("{FAE04EC0-301F-11D3-BF4B-00C04F79EFBC}") = "Chapter01", "Refactoring\Chapter01\Chapter01.csproj", "{B7E7F0B0-03E5-43FE-998E-2104D5DC1A45}"
EndProject
Project("{FAE04EC0-301F-11D3-BF4B-00C04F79EFBC}") = "Chapter06", "Refactoring\Chapter06\Chapter06.csproj", "{293C514D-DD3D-48CC-BEF5-6E8F934ACF2C}"
EndProject
Project("{FAE04EC0-301F-11D3-BF4B-00C04F79EFBC}") = "Chapter08", "Refactoring\Charper08\Chapter08.csproj", "{EAC02990-401D-4E37-8223-101267789E2C}"
EndProject
Project("{FAE04EC0-301F-11D3-BF4B-00C04F79EFBC}") = "Chapter07", "Refactoring\Charpter07\Chapter07.csproj", "{F45270A0-9D1D-404B-8B88-809F5F8D7521}"
EndProject
Project("{2150E333-8FDC-42A3-9474-1A3956D46DE8}") = "Qiniu", "Qiniu", "{E106BFA1-E7E2-4C9A-B1D3-62DFAD2815FB}"
EndProject
Project("{FAE04EC0-301F-11D3-BF4B-00C04F79EFBC}") = "Qiniu", "Qiniu\Qiniu\Qiniu.csproj", "{05432F65-F5EB-44EE-9ECD-6C66640C7521}"
EndProject
Project("{2150E333-8FDC-42A3-9474-1A3956D46DE8}") = "C_B_Z_L", "C_B_Z_L", "{7396C955-5F66-4CCF-BCF8-8D529D1599C7}"
EndProject
Project("{FAE04EC0-301F-11D3-BF4B-00C04F79EFBC}") = "11_泛型", "C_B_Z_L\11_泛型\11_泛型.csproj", "{0581A10C-AA19-44B4-BA08-DC8D2A74489A}"
EndProject
Project("{FAE04EC0-301F-11D3-BF4B-00C04F79EFBC}") = "12_委托和lambda表达式", "C_B_Z_L\12_委托和lambda表达式\12_委托和lambda表达式.csproj", "{89559E31-85F9-4FA2-B157-0FE9B8850187}"
EndProject
Project("{FAE04EC0-301F-11D3-BF4B-00C04F79EFBC}") = "16构建自定义集合", "C_B_Z_L\16构建自定义集合\16构建自定义集合.csproj", "{A6A15503-7B05-4BF7-845F-66E38452688E}"
EndProject
Project("{FAE04EC0-301F-11D3-BF4B-00C04F79EFBC}") = "18多线程处理", "C_B_Z_L\19多线程处理\18多线程处理.csproj", "{29D4CE6B-4B79-4EBE-9B5C-AF6E6AD1EBE4}"
EndProject
Project("{2150E333-8FDC-42A3-9474-1A3956D46DE8}") = "功能点测试", "功能点测试", "{767C4106-49B1-4FE1-AEE0-3F9DFFDCAD48}"
EndProject
Project("{FAE04EC0-301F-11D3-BF4B-00C04F79EFBC}") = "CopyInfoDemo", "功能点测试\CopyInfoDemo\CopyInfoDemo\CopyInfoDemo.csproj", "{9406A987-C7FB-4EBA-A4FF-F8CFCA4C525C}"
EndProject
Project("{FAE04EC0-301F-11D3-BF4B-00C04F79EFBC}") = "Delegate", "功能点测试\Delegate\Delegate\Delegate.csproj", "{1E281DD5-1374-4C63-912D-CDF6FBDF3FE5}"
EndProject
Project("{2150E333-8FDC-42A3-9474-1A3956D46DE8}") = "依赖注入", "依赖注入", "{BA0829DF-A9C1-4B23-BF32-956B9336144E}"
EndProject
Project("{FAE04EC0-301F-11D3-BF4B-00C04F79EFBC}") = "Kevin.AutoFac.Model", "依赖注入\Kevin.AutoFac.Model\Kevin.AutoFac.Model.csproj", "{D5E2B50C-9A62-4F29-AA47-CD3C86A26D78}"
EndProject
Project("{FAE04EC0-301F-11D3-BF4B-00C04F79EFBC}") = "Kevin.AutoFac.Test", "依赖注入\Kevin.AutoFac.Test\Kevin.AutoFac.Test.csproj", "{01CB9389-9143-44BF-BC9C-7DE1B109E785}"
EndProject
Project("{FAE04EC0-301F-11D3-BF4B-00C04F79EFBC}") = "Kevin.AutoFacStudy", "依赖注入\Kevin.AutoFacStudy\Kevin.AutoFacStudy.csproj", "{FC34A5FA-C996-4CF7-9467-4A64824EE18C}"
EndProject
Project("{FAE04EC0-301F-11D3-BF4B-00C04F79EFBC}") = "Kevin.AutoFacStudy.Bll", "依赖注入\Kevin.AutoFacStudy.Bll\Kevin.AutoFacStudy.Bll.csproj", "{75179151-C358-4DC2-A4C1-EA24656971A9}"
EndProject
Project("{FAE04EC0-301F-11D3-BF4B-00C04F79EFBC}") = "Kevin.AutoFacstudy.Dal", "依赖注入\Kevin.AutoFacstudy.Dal\Kevin.AutoFacstudy.Dal.csproj", "{B1E10ED8-AECA-4143-A279-0E1521F9B2BE}"
EndProject
Project("{FAE04EC0-301F-11D3-BF4B-00C04F79EFBC}") = "Kevin.AutoFacStudy.Service", "依赖注入\Kevin.AutoFacStudy.Service\Kevin.AutoFacStudy.Service.csproj", "{0D31FA23-3CEF-48E0-B049-D93788C182D9}"
EndProject
Project("{2150E333-8FDC-42A3-9474-1A3956D46DE8}") = "Mysql", "Mysql", "{2A6FDA5D-5D14-4DE5-BF03-690CF40CCCCA}"
EndProject
Project("{2150E333-8FDC-42A3-9474-1A3956D46DE8}") = "EF", "EF", "{F066CC86-3733-4A8D-9FC9-0E23D826AE40}"
EndProject
Project("{FAE04EC0-301F-11D3-BF4B-00C04F79EFBC}") = "DB.MySql.Bll", "Mysql\EF\MySql\DB.MySql.Bll\DB.MySql.Bll.csproj", "{2B79F19C-B6A1-4458-A4EB-533D67E5E2F3}"
EndProject
Project("{FAE04EC0-301F-11D3-BF4B-00C04F79EFBC}") = "DB.MySql.Dal", "Mysql\EF\MySql\DB.MySql.Dal\DB.MySql.Dal.csproj", "{A634E2E9-C0A2-4868-8402-499D63FA3F96}"
EndProject
Project("{FAE04EC0-301F-11D3-BF4B-00C04F79EFBC}") = "DB.MySql.Model", "Mysql\EF\MySql\DB.MySql.Model\DB.MySql.Model.csproj", "{6506C108-8209-4E41-804C-B65493D629AC}"
EndProject
Project("{FAE04EC0-301F-11D3-BF4B-00C04F79EFBC}") = "MySqlTest", "Mysql\EF\MySql\MySqlTest\MySqlTest.csproj", "{E245F297-03B3-47A5-8CE6-8087511F89FF}"
EndProject
Project("{FAE04EC0-301F-11D3-BF4B-00C04F79EFBC}") = "Utils.DBHelper", "Mysql\EF\MySql\Utils.DBHelper\Utils.DBHelper.csproj", "{6239E189-7E09-4BEB-973F-9A4FCA71DFE6}"
EndProject
Project("{2150E333-8FDC-42A3-9474-1A3956D46DE8}") = "MQ", "MQ", "{DC4B5109-0843-4CBD-A591-36E50B4C13A2}"
EndProject
Project("{2150E333-8FDC-42A3-9474-1A3956D46DE8}") = "Redis", "Redis", "{F13C7834-63B2-4025-A805-99CCC9FC6B41}"
EndProject
Project("{FAE04EC0-301F-11D3-BF4B-00C04F79EFBC}") = "Redis.Core", "Redis\Redis.Core\Redis.Core.csproj", "{124A9532-6364-4DB8-A357-3999BCB6AD84}"
EndProject
Project("{2150E333-8FDC-42A3-9474-1A3956D46DE8}") = "RabbitMq", "RabbitMq", "{744DABA9-786D-4834-8103-988BE85FD980}"
EndProject
Project("{FAE04EC0-301F-11D3-BF4B-00C04F79EFBC}") = "RabbitMq.Core", "MQ\RabbitMq\RabbitMq.Core\RabbitMq.Core.csproj", "{2160A7D6-11ED-4D69-8D15-88467EB32891}"
EndProject
Project("{2150E333-8FDC-42A3-9474-1A3956D46DE8}") = "Core", "Core", "{983A9D79-AD20-4BA9-8B9A-004AC8EF2F56}"
EndProject
Project("{FAE04EC0-301F-11D3-BF4B-00C04F79EFBC}") = "Common", "Core\Common\Common.csproj", "{621120A4-16DB-44F6-B48B-98CA92F7E4C0}"
EndProject
Project("{FAE04EC0-301F-11D3-BF4B-00C04F79EFBC}") = "RedisTest", "RedisTest\RedisTest.csproj", "{B8D13E32-9C67-4EAB-A75B-05A506DC61CA}"
EndProject
Project("{FAE04EC0-301F-11D3-BF4B-00C04F79EFBC}") = "RabbitMq.Consumer.Receive", "MQ\RabbitMq\RabbitMq.Consumer.Receive\RabbitMq.Consumer.Receive.csproj", "{424BD9CF-6646-4CE4-A07F-D58C134489A9}"
EndProject
Project("{FAE04EC0-301F-11D3-BF4B-00C04F79EFBC}") = "RabbitMq.Consumer.Send", "MQ\RabbitMq\RabbitMq.Consumer.Send\RabbitMq.Consumer.Send.csproj", "{14A9E2D9-6524-4EE3-ABAA-A8DE3705A53E}"
EndProject
Project("{FAE04EC0-301F-11D3-BF4B-00C04F79EFBC}") = "RabbitMq.Receive.Bug", "MQ\RabbitMq\RabbitMq.Receive.Bug\RabbitMq.Receive.Bug.csproj", "{BBE97068-9383-4B7F-B910-A5F0D57FE951}"
EndProject
Project("{FAE04EC0-301F-11D3-BF4B-00C04F79EFBC}") = "RabbitMq.Receive.Error", "MQ\RabbitMq\RabbitMq.Receive.Error\RabbitMq.Receive.Error.csproj", "{7CC48CD0-91C8-499F-BFE2-22935BCA5B66}"
EndProject
Project("{FAE04EC0-301F-11D3-BF4B-00C04F79EFBC}") = "RabbitMq.Receive.Hello", "MQ\RabbitMq\RabbitMq.Receive.Hello\RabbitMq.Receive.Hello.csproj", "{AE464C1C-F9C7-4976-A9B1-C27607B233AA}"
EndProject
Project("{FAE04EC0-301F-11D3-BF4B-00C04F79EFBC}") = "RabbitMq.Receive.Info", "MQ\RabbitMq\RabbitMq.Receive.Info\RabbitMq.Receive.Info.csproj", "{34E31327-C01A-4759-88A7-B60F1F3E9A7E}"
EndProject
Project("{FAE04EC0-301F-11D3-BF4B-00C04F79EFBC}") = "RabbitMq.Send", "MQ\RabbitMq\RabbitMq.Send\RabbitMq.Send.csproj", "{8CF7B2B5-C476-4023-87D9-B1163979B766}"
EndProject
Project("{2150E333-8FDC-42A3-9474-1A3956D46DE8}") = "设计模式-视频", "设计模式-视频", "{3A9A0AF5-099A-452F-84FB-5F00B66C8FCE}"
EndProject
Project("{2150E333-8FDC-42A3-9474-1A3956D46DE8}") = "Base", "Base", "{310AD2E0-45B1-4B92-A0FF-B289A20E7FFD}"
EndProject
Project("{FAE04EC0-301F-11D3-BF4B-00C04F79EFBC}") = "01单例模式", "SJMS\Base\01单例模式\01单例模式.csproj", "{F9F1626E-C1AC-4CB1-9C89-02F89343B3E8}"
EndProject
Project("{FAE04EC0-301F-11D3-BF4B-00C04F79EFBC}") = "02简单工厂模式", "SJMS\Base\02简单工厂模式\02简单工厂模式.csproj", "{54EC1E91-6381-4A91-BFB3-F5917CF6161C}"
EndProject
Project("{FAE04EC0-301F-11D3-BF4B-00C04F79EFBC}") = "03工厂方法模式", "SJMS\Base\03工厂方法模式\03工厂方法模式.csproj", "{591086C9-894A-4C11-A227-05D9B6191806}"
EndProject
Project("{FAE04EC0-301F-11D3-BF4B-00C04F79EFBC}") = "04抽象工厂模式", "SJMS\Base\04抽象工厂模式\04抽象工厂模式.csproj", "{D99B52B8-7B86-4441-97B2-FFD7EFDFF495}"
EndProject
Project("{FAE04EC0-301F-11D3-BF4B-00C04F79EFBC}") = "05建造者模式", "SJMS\Base\05建造者模式\05建造者模式.csproj", "{2F9D303E-75C5-4F83-86D9-145A1DEF8763}"
EndProject
Project("{FAE04EC0-301F-11D3-BF4B-00C04F79EFBC}") = "06原型模式", "SJMS\Base\06原型模式\06原型模式.csproj", "{41326D66-1CFC-456A-8CF8-E96F580F429A}"
EndProject
Project("{FAE04EC0-301F-11D3-BF4B-00C04F79EFBC}") = "07适配器模式", "SJMS\Base\07适配器模式\07适配器模式.csproj", "{8141E991-DD54-47DE-92F0-8F155563BEAA}"
EndProject
Project("{FAE04EC0-301F-11D3-BF4B-00C04F79EFBC}") = "08桥接模式", "SJMS\Base\08桥接模式\08桥接模式.csproj", "{18C72AAB-0E25-4D7E-8B86-6C2C2E068172}"
EndProject
Project("{FAE04EC0-301F-11D3-BF4B-00C04F79EFBC}") = "09装饰者模式", "SJMS\Base\09装饰者模式\09装饰者模式.csproj", "{1F7E3836-CD9F-4F9D-BFB0-7DDB69ADE552}"
EndProject
Project("{FAE04EC0-301F-11D3-BF4B-00C04F79EFBC}") = "10组合模式", "SJMS\Base\10组合模式\10组合模式.csproj", "{1DF2D68A-5CCF-4C68-BF49-C86FD043CC05}"
EndProject
Project("{FAE04EC0-301F-11D3-BF4B-00C04F79EFBC}") = "11外观模式", "SJMS\Base\11外观模式\11外观模式.csproj", "{9174C09D-0C85-4DEF-BD94-FFAC8869013E}"
EndProject
Project("{FAE04EC0-301F-11D3-BF4B-00C04F79EFBC}") = "12享元模式", "SJMS\Base\12享元模式\12享元模式.csproj", "{655BCCD4-48C5-474D-A00E-111A960FAB8F}"
EndProject
Project("{FAE04EC0-301F-11D3-BF4B-00C04F79EFBC}") = "13代理模式", "SJMS\Base\13代理模式\13代理模式.csproj", "{545F7DB9-46A9-4446-BA37-53ACD1689E4E}"
EndProject
Project("{FAE04EC0-301F-11D3-BF4B-00C04F79EFBC}") = "14模板方法模式", "SJMS\Base\14模板方法模式\14模板方法模式.csproj", "{255723AF-E9DC-4603-B09F-10A7CE32BB7C}"
EndProject
Project("{FAE04EC0-301F-11D3-BF4B-00C04F79EFBC}") = "15命令模式", "SJMS\Base\15命令模式\15命令模式.csproj", "{5CD76D5C-9D4F-499F-A474-3C957F36DA71}"
EndProject
Project("{FAE04EC0-301F-11D3-BF4B-00C04F79EFBC}") = "16迭代器模式", "SJMS\Base\16迭代器模式\16迭代器模式.csproj", "{13544F6F-74E5-423F-AE1E-21C8F90F1C1C}"
EndProject
Project("{FAE04EC0-301F-11D3-BF4B-00C04F79EFBC}") = "17观察者模式", "SJMS\Base\17观察者模式\17观察者模式.csproj", "{7FBCDD3D-2748-4612-973E-E9E085932127}"
EndProject
Project("{FAE04EC0-301F-11D3-BF4B-00C04F79EFBC}") = "18中介者模式", "SJMS\Base\18中介者模式\18中介者模式.csproj", "{F7F7A8C9-6153-40C6-826E-FC66CDAA1174}"
EndProject
Project("{FAE04EC0-301F-11D3-BF4B-00C04F79EFBC}") = "19状态者模式", "SJMS\Base\19状态者模式\19状态者模式.csproj", "{893FA746-870C-4585-AE58-D2B316F9AD09}"
EndProject
Project("{FAE04EC0-301F-11D3-BF4B-00C04F79EFBC}") = "20策略者模式", "SJMS\Base\20策略者模式\20策略者模式.csproj", "{62673259-47C6-4B91-AE14-0B140DFE7E8A}"
EndProject
Project("{FAE04EC0-301F-11D3-BF4B-00C04F79EFBC}") = "21责任链模式", "SJMS\Base\21责任链模式\21责任链模式.csproj", "{B29B8EE6-CB63-42CD-A262-E4BE83C7DA49}"
EndProject
Project("{FAE04EC0-301F-11D3-BF4B-00C04F79EFBC}") = "22访问者模式", "SJMS\Base\22访问者模式\22访问者模式.csproj", "{B00EF4E0-8C42-41E1-8FEF-94C70F229D73}"
EndProject
Project("{FAE04EC0-301F-11D3-BF4B-00C04F79EFBC}") = "23备忘录模式", "SJMS\Base\23备忘录模式\23备忘录模式.csproj", "{224EAEF9-CE2F-4C67-AB34-723FBB19F219}"
EndProject
Project("{2150E333-8FDC-42A3-9474-1A3956D46DE8}") = "02_简单工厂", "02_简单工厂", "{5C62859C-480D-4DBF-BA0D-527022C4561D}"
EndProject
Project("{2150E333-8FDC-42A3-9474-1A3956D46DE8}") = "01_单例模式", "01_单例模式", "{43B0DE02-45D6-4DA9-A3EE-1F28902C9DF5}"
EndProject
Project("{FAE04EC0-301F-11D3-BF4B-00C04F79EFBC}") = "01-单例模式", "SJMS\设计模式-视频\01-单例模式\01-单例模式\01-单例模式.csproj", "{10078687-2241-4586-A2C7-57222A04875A}"
EndProject
Project("{FAE04EC0-301F-11D3-BF4B-00C04F79EFBC}") = "SimpleFactory", "SJMS\设计模式-视频\02_简单工厂\SimpleFactory\SimpleFactory.csproj", "{7F6347B9-0080-43F3-8EA1-335B443F2AA9}"
EndProject
Project("{2150E333-8FDC-42A3-9474-1A3956D46DE8}") = "03_工厂方法", "03_工厂方法", "{07C14039-9000-40A3-8ADB-D50CF542A46C}"
EndProject
Project("{FAE04EC0-301F-11D3-BF4B-00C04F79EFBC}") = "FactoryPattern.War3.Interface", "SJMS\设计模式-视频\02_简单工厂\FactoryPattern.War3.Interface\FactoryPattern.War3.Interface.csproj", "{EE739BCB-5C57-43E8-B766-C0D12960FF03}"
EndProject
Project("{FAE04EC0-301F-11D3-BF4B-00C04F79EFBC}") = "FactoryPattern.War3.Service", "SJMS\设计模式-视频\02_简单工厂\FactoryPattern.War3.Service\FactoryPattern.War3.Service.csproj", "{6849124A-0422-4AD1-8BEB-8CA70559E82A}"
EndProject
Project("{FAE04EC0-301F-11D3-BF4B-00C04F79EFBC}") = "FactoryPattern.War3.ServiceExtend", "SJMS\设计模式-视频\02_简单工厂\FactoryPattern.War3.ServiceExtend\FactoryPattern.War3.ServiceExtend.csproj", "{15390417-412C-4551-AF1F-D7837641BC39}"
EndProject
Project("{FAE04EC0-301F-11D3-BF4B-00C04F79EFBC}") = "FactoryMethodPattern", "SJMS\设计模式-视频\03_工厂模式\FactoryMethodPattern\FactoryMethodPattern.csproj", "{7A9DE58E-DA48-4926-A2A4-E03E430E39E9}"
EndProject
Project("{FAE04EC0-301F-11D3-BF4B-00C04F79EFBC}") = "TestBase", "功能点测试\TestBase\TestBase.csproj", "{B431ACBA-0865-4BDD-A77E-479CA4AD00FB}"
EndProject
Project("{2150E333-8FDC-42A3-9474-1A3956D46DE8}") = "BuilderPatern", "BuilderPatern", "{CFA6C921-26B8-4477-A74B-ADCB191FE375}"
EndProject
Project("{FAE04EC0-301F-11D3-BF4B-00C04F79EFBC}") = "BuilderPatern", "SJMS\设计模式-视频\BuilderPatern\BuilderPatern\BuilderPatern.csproj", "{4A881173-FDE7-4C4C-8D29-F83ED571CB38}"
EndProject
Project("{2150E333-8FDC-42A3-9474-1A3956D46DE8}") = "PrototypePattern", "PrototypePattern", "{2BFDE816-32D7-4019-B040-6DC72990860F}"
EndProject
Project("{FAE04EC0-301F-11D3-BF4B-00C04F79EFBC}") = "PrototypePattern", "SJMS\设计模式-视频\PrototypePattern\PrototypePattern\PrototypePattern.csproj", "{2C091D0F-C140-46DC-8726-E78CF78481F4}"
EndProject
Project("{2150E333-8FDC-42A3-9474-1A3956D46DE8}") = "BridgePattern", "BridgePattern", "{7E9FF9BA-3FF4-4A29-84C7-83CB651059B3}"
EndProject
Project("{FAE04EC0-301F-11D3-BF4B-00C04F79EFBC}") = "BridgePattern", "SJMS\设计模式-视频\BridgePattern\BridgePattern\BridgePattern.csproj", "{75516FE1-ECA1-475B-8D1F-904710602505}"
EndProject
Project("{2150E333-8FDC-42A3-9474-1A3956D46DE8}") = "深入剖析", "深入剖析", "{F6208124-B2C6-4374-BC65-DCF96064CEF4}"
EndProject
Project("{2150E333-8FDC-42A3-9474-1A3956D46DE8}") = "Class_01_泛型", "Class_01_泛型", "{38B9D902-EBDA-422E-9B16-0A7BBD5A94F1}"
EndProject
Project("{FAE04EC0-301F-11D3-BF4B-00C04F79EFBC}") = "MyGeneric", "深入剖析\Class_01_泛型\MyGeneric\MyGeneric.csproj", "{6E1DF8A9-9108-4A70-BF13-684A42A4FA2C}"
EndProject
Project("{2150E333-8FDC-42A3-9474-1A3956D46DE8}") = "Class_02_反射", "Class_02_反射", "{F7A3997A-C6C6-4B46-89D3-CA515571DC3F}"
EndProject
Project("{FAE04EC0-301F-11D3-BF4B-00C04F79EFBC}") = "MyReflection", "深入剖析\Class_02_反射\MyReflection\MyReflection.csproj", "{0F50CB69-B29B-4096-B25E-7375DB288406}"
EndProject
Project("{FAE04EC0-301F-11D3-BF4B-00C04F79EFBC}") = "DB.Inteface", "深入剖析\Class_02_反射\DB.Inteface\DB.Inteface.csproj", "{52E91281-AA81-4827-BA0E-492C1B63E3BD}"
EndProject
Project("{FAE04EC0-301F-11D3-BF4B-00C04F79EFBC}") = "DB.SqlServer", "深入剖析\Class_02_反射\DB.SqlServer\DB.SqlServer.csproj", "{28585F4B-3AB1-4E95-8CE9-A877A428EE2B}"
EndProject
Project("{FAE04EC0-301F-11D3-BF4B-00C04F79EFBC}") = "DB.MySql", "深入剖析\Class_02_反射\DB.MySql\DB.MySql.csproj", "{7AED4CBB-63B4-4F50-8E98-F15D91D7EB5B}"
EndProject
Project("{FAE04EC0-301F-11D3-BF4B-00C04F79EFBC}") = "DB.Oracle", "深入剖析\Class_02_反射\DB.Oracle\DB.Oracle.csproj", "{D0672E7F-56AA-4730-BD06-82EEAC4483B6}"
EndProject
Project("{FAE04EC0-301F-11D3-BF4B-00C04F79EFBC}") = "DB.Model", "深入剖析\Class_02_反射\DB.Model\DB.Model.csproj", "{B0217400-D96D-4543-B64B-C9E71BB1B831}"
EndProject
Project("{2150E333-8FDC-42A3-9474-1A3956D46DE8}") = "Class_03_委托事件lambda表达式", "Class_03_委托事件lambda表达式", "{AA14391F-C0B0-4200-8B86-AC82367AB2F8}"
EndProject
Project("{FAE04EC0-301F-11D3-BF4B-00C04F79EFBC}") = "MyDelegte", "深入剖析\Class_03_委托事件lambda表达式\MyDelegte\MyDelegte.csproj", "{9D8E8E90-8F20-4F98-BB23-218543172379}"
EndProject
Project("{FAE04EC0-301F-11D3-BF4B-00C04F79EFBC}") = "数据对象的强转换", "功能点测试\数据对象的强转换\数据对象的强转换.csproj", "{7E8E5D27-E9AE-4592-929F-A88B52743862}"
EndProject
Project("{2150E333-8FDC-42A3-9474-1A3956D46DE8}") = "Class_05_异步多线程", "Class_05_异步多线程", "{B015CF30-9BF3-499D-80B0-F5A21111C86E}"
EndProject
Project("{FAE04EC0-301F-11D3-BF4B-00C04F79EFBC}") = "RabbitMq.Consumer.Config", "MQ\RabbitMq\RabbitMq.Consumer.Config\RabbitMq.Consumer.Config.csproj", "{17541254-75B4-4558-A563-788883AB3699}"
EndProject
Global
	GlobalSection(SolutionConfigurationPlatforms) = preSolution
		Debug|Any CPU = Debug|Any CPU
		Release|Any CPU = Release|Any CPU
	EndGlobalSection
	GlobalSection(ProjectConfigurationPlatforms) = postSolution
		{231121C3-E2E2-47B0-BC33-FF2C252A167A}.Debug|Any CPU.ActiveCfg = Debug|Any CPU
		{231121C3-E2E2-47B0-BC33-FF2C252A167A}.Debug|Any CPU.Build.0 = Debug|Any CPU
		{231121C3-E2E2-47B0-BC33-FF2C252A167A}.Release|Any CPU.ActiveCfg = Release|Any CPU
		{231121C3-E2E2-47B0-BC33-FF2C252A167A}.Release|Any CPU.Build.0 = Release|Any CPU
		{1173936E-C87B-4CFE-9673-6CBB0E59678B}.Debug|Any CPU.ActiveCfg = Debug|Any CPU
		{1173936E-C87B-4CFE-9673-6CBB0E59678B}.Debug|Any CPU.Build.0 = Debug|Any CPU
		{1173936E-C87B-4CFE-9673-6CBB0E59678B}.Release|Any CPU.ActiveCfg = Release|Any CPU
		{1173936E-C87B-4CFE-9673-6CBB0E59678B}.Release|Any CPU.Build.0 = Release|Any CPU
		{A336D5D3-1F9A-44CC-972A-A69E63B236A3}.Debug|Any CPU.ActiveCfg = Debug|Any CPU
		{A336D5D3-1F9A-44CC-972A-A69E63B236A3}.Debug|Any CPU.Build.0 = Debug|Any CPU
		{A336D5D3-1F9A-44CC-972A-A69E63B236A3}.Release|Any CPU.ActiveCfg = Release|Any CPU
		{A336D5D3-1F9A-44CC-972A-A69E63B236A3}.Release|Any CPU.Build.0 = Release|Any CPU
		{D3F2CDE0-E12C-4533-A93E-A5CA700350A8}.Debug|Any CPU.ActiveCfg = Debug|Any CPU
		{D3F2CDE0-E12C-4533-A93E-A5CA700350A8}.Debug|Any CPU.Build.0 = Debug|Any CPU
		{D3F2CDE0-E12C-4533-A93E-A5CA700350A8}.Release|Any CPU.ActiveCfg = Release|Any CPU
		{D3F2CDE0-E12C-4533-A93E-A5CA700350A8}.Release|Any CPU.Build.0 = Release|Any CPU
		{19FA9EDF-0F6E-4791-AE67-847795E4BF2C}.Debug|Any CPU.ActiveCfg = Debug|Any CPU
		{19FA9EDF-0F6E-4791-AE67-847795E4BF2C}.Debug|Any CPU.Build.0 = Debug|Any CPU
		{19FA9EDF-0F6E-4791-AE67-847795E4BF2C}.Release|Any CPU.ActiveCfg = Release|Any CPU
		{19FA9EDF-0F6E-4791-AE67-847795E4BF2C}.Release|Any CPU.Build.0 = Release|Any CPU
		{0ECB80CC-8F16-47E9-9641-9A9AA2DCDC4A}.Debug|Any CPU.ActiveCfg = Debug|Any CPU
		{0ECB80CC-8F16-47E9-9641-9A9AA2DCDC4A}.Debug|Any CPU.Build.0 = Debug|Any CPU
		{0ECB80CC-8F16-47E9-9641-9A9AA2DCDC4A}.Release|Any CPU.ActiveCfg = Release|Any CPU
		{0ECB80CC-8F16-47E9-9641-9A9AA2DCDC4A}.Release|Any CPU.Build.0 = Release|Any CPU
		{58430691-32E1-45DE-A282-816CFC572608}.Debug|Any CPU.ActiveCfg = Debug|Any CPU
		{58430691-32E1-45DE-A282-816CFC572608}.Debug|Any CPU.Build.0 = Debug|Any CPU
		{58430691-32E1-45DE-A282-816CFC572608}.Release|Any CPU.ActiveCfg = Release|Any CPU
		{58430691-32E1-45DE-A282-816CFC572608}.Release|Any CPU.Build.0 = Release|Any CPU
		{3EFADFE6-93BA-45B9-AD39-0DFF7B0F00E3}.Debug|Any CPU.ActiveCfg = Debug|Any CPU
		{3EFADFE6-93BA-45B9-AD39-0DFF7B0F00E3}.Debug|Any CPU.Build.0 = Debug|Any CPU
		{3EFADFE6-93BA-45B9-AD39-0DFF7B0F00E3}.Release|Any CPU.ActiveCfg = Release|Any CPU
		{3EFADFE6-93BA-45B9-AD39-0DFF7B0F00E3}.Release|Any CPU.Build.0 = Release|Any CPU
		{AD6A5A0F-8E22-4049-AF2C-7793A2378298}.Debug|Any CPU.ActiveCfg = Debug|Any CPU
		{AD6A5A0F-8E22-4049-AF2C-7793A2378298}.Debug|Any CPU.Build.0 = Debug|Any CPU
		{AD6A5A0F-8E22-4049-AF2C-7793A2378298}.Release|Any CPU.ActiveCfg = Release|Any CPU
		{AD6A5A0F-8E22-4049-AF2C-7793A2378298}.Release|Any CPU.Build.0 = Release|Any CPU
		{846F2071-AC1D-494D-964D-4A13124698DD}.Debug|Any CPU.ActiveCfg = Debug|Any CPU
		{846F2071-AC1D-494D-964D-4A13124698DD}.Debug|Any CPU.Build.0 = Debug|Any CPU
		{846F2071-AC1D-494D-964D-4A13124698DD}.Release|Any CPU.ActiveCfg = Release|Any CPU
		{846F2071-AC1D-494D-964D-4A13124698DD}.Release|Any CPU.Build.0 = Release|Any CPU
		{5113AA63-5366-4B84-9945-9336A9831C3D}.Debug|Any CPU.ActiveCfg = Debug|Any CPU
		{5113AA63-5366-4B84-9945-9336A9831C3D}.Debug|Any CPU.Build.0 = Debug|Any CPU
		{5113AA63-5366-4B84-9945-9336A9831C3D}.Release|Any CPU.ActiveCfg = Release|Any CPU
		{5113AA63-5366-4B84-9945-9336A9831C3D}.Release|Any CPU.Build.0 = Release|Any CPU
		{C6E520CE-9331-4990-89FF-508F5C1DCA6F}.Debug|Any CPU.ActiveCfg = Debug|Any CPU
		{C6E520CE-9331-4990-89FF-508F5C1DCA6F}.Debug|Any CPU.Build.0 = Debug|Any CPU
		{C6E520CE-9331-4990-89FF-508F5C1DCA6F}.Release|Any CPU.ActiveCfg = Release|Any CPU
		{C6E520CE-9331-4990-89FF-508F5C1DCA6F}.Release|Any CPU.Build.0 = Release|Any CPU
		{C8E7852E-7F86-47E9-B1D8-A3A36FB4066E}.Debug|Any CPU.ActiveCfg = Debug|Any CPU
		{C8E7852E-7F86-47E9-B1D8-A3A36FB4066E}.Debug|Any CPU.Build.0 = Debug|Any CPU
		{C8E7852E-7F86-47E9-B1D8-A3A36FB4066E}.Release|Any CPU.ActiveCfg = Release|Any CPU
		{C8E7852E-7F86-47E9-B1D8-A3A36FB4066E}.Release|Any CPU.Build.0 = Release|Any CPU
		{B7E7F0B0-03E5-43FE-998E-2104D5DC1A45}.Debug|Any CPU.ActiveCfg = Debug|Any CPU
		{B7E7F0B0-03E5-43FE-998E-2104D5DC1A45}.Debug|Any CPU.Build.0 = Debug|Any CPU
		{B7E7F0B0-03E5-43FE-998E-2104D5DC1A45}.Release|Any CPU.ActiveCfg = Release|Any CPU
		{B7E7F0B0-03E5-43FE-998E-2104D5DC1A45}.Release|Any CPU.Build.0 = Release|Any CPU
		{293C514D-DD3D-48CC-BEF5-6E8F934ACF2C}.Debug|Any CPU.ActiveCfg = Debug|Any CPU
		{293C514D-DD3D-48CC-BEF5-6E8F934ACF2C}.Debug|Any CPU.Build.0 = Debug|Any CPU
		{293C514D-DD3D-48CC-BEF5-6E8F934ACF2C}.Release|Any CPU.ActiveCfg = Release|Any CPU
		{293C514D-DD3D-48CC-BEF5-6E8F934ACF2C}.Release|Any CPU.Build.0 = Release|Any CPU
		{EAC02990-401D-4E37-8223-101267789E2C}.Debug|Any CPU.ActiveCfg = Debug|Any CPU
		{EAC02990-401D-4E37-8223-101267789E2C}.Debug|Any CPU.Build.0 = Debug|Any CPU
		{EAC02990-401D-4E37-8223-101267789E2C}.Release|Any CPU.ActiveCfg = Release|Any CPU
		{EAC02990-401D-4E37-8223-101267789E2C}.Release|Any CPU.Build.0 = Release|Any CPU
		{F45270A0-9D1D-404B-8B88-809F5F8D7521}.Debug|Any CPU.ActiveCfg = Debug|Any CPU
		{F45270A0-9D1D-404B-8B88-809F5F8D7521}.Debug|Any CPU.Build.0 = Debug|Any CPU
		{F45270A0-9D1D-404B-8B88-809F5F8D7521}.Release|Any CPU.ActiveCfg = Release|Any CPU
		{F45270A0-9D1D-404B-8B88-809F5F8D7521}.Release|Any CPU.Build.0 = Release|Any CPU
		{05432F65-F5EB-44EE-9ECD-6C66640C7521}.Debug|Any CPU.ActiveCfg = Debug|Any CPU
		{05432F65-F5EB-44EE-9ECD-6C66640C7521}.Debug|Any CPU.Build.0 = Debug|Any CPU
		{05432F65-F5EB-44EE-9ECD-6C66640C7521}.Release|Any CPU.ActiveCfg = Release|Any CPU
		{05432F65-F5EB-44EE-9ECD-6C66640C7521}.Release|Any CPU.Build.0 = Release|Any CPU
		{0581A10C-AA19-44B4-BA08-DC8D2A74489A}.Debug|Any CPU.ActiveCfg = Debug|Any CPU
		{0581A10C-AA19-44B4-BA08-DC8D2A74489A}.Debug|Any CPU.Build.0 = Debug|Any CPU
		{0581A10C-AA19-44B4-BA08-DC8D2A74489A}.Release|Any CPU.ActiveCfg = Release|Any CPU
		{0581A10C-AA19-44B4-BA08-DC8D2A74489A}.Release|Any CPU.Build.0 = Release|Any CPU
		{89559E31-85F9-4FA2-B157-0FE9B8850187}.Debug|Any CPU.ActiveCfg = Debug|Any CPU
		{89559E31-85F9-4FA2-B157-0FE9B8850187}.Debug|Any CPU.Build.0 = Debug|Any CPU
		{89559E31-85F9-4FA2-B157-0FE9B8850187}.Release|Any CPU.ActiveCfg = Release|Any CPU
		{89559E31-85F9-4FA2-B157-0FE9B8850187}.Release|Any CPU.Build.0 = Release|Any CPU
		{A6A15503-7B05-4BF7-845F-66E38452688E}.Debug|Any CPU.ActiveCfg = Debug|Any CPU
		{A6A15503-7B05-4BF7-845F-66E38452688E}.Debug|Any CPU.Build.0 = Debug|Any CPU
		{A6A15503-7B05-4BF7-845F-66E38452688E}.Release|Any CPU.ActiveCfg = Release|Any CPU
		{A6A15503-7B05-4BF7-845F-66E38452688E}.Release|Any CPU.Build.0 = Release|Any CPU
		{29D4CE6B-4B79-4EBE-9B5C-AF6E6AD1EBE4}.Debug|Any CPU.ActiveCfg = Debug|Any CPU
		{29D4CE6B-4B79-4EBE-9B5C-AF6E6AD1EBE4}.Debug|Any CPU.Build.0 = Debug|Any CPU
		{29D4CE6B-4B79-4EBE-9B5C-AF6E6AD1EBE4}.Release|Any CPU.ActiveCfg = Release|Any CPU
		{29D4CE6B-4B79-4EBE-9B5C-AF6E6AD1EBE4}.Release|Any CPU.Build.0 = Release|Any CPU
		{9406A987-C7FB-4EBA-A4FF-F8CFCA4C525C}.Debug|Any CPU.ActiveCfg = Debug|Any CPU
		{9406A987-C7FB-4EBA-A4FF-F8CFCA4C525C}.Debug|Any CPU.Build.0 = Debug|Any CPU
		{9406A987-C7FB-4EBA-A4FF-F8CFCA4C525C}.Release|Any CPU.ActiveCfg = Release|Any CPU
		{9406A987-C7FB-4EBA-A4FF-F8CFCA4C525C}.Release|Any CPU.Build.0 = Release|Any CPU
		{1E281DD5-1374-4C63-912D-CDF6FBDF3FE5}.Debug|Any CPU.ActiveCfg = Debug|Any CPU
		{1E281DD5-1374-4C63-912D-CDF6FBDF3FE5}.Debug|Any CPU.Build.0 = Debug|Any CPU
		{1E281DD5-1374-4C63-912D-CDF6FBDF3FE5}.Release|Any CPU.ActiveCfg = Release|Any CPU
		{1E281DD5-1374-4C63-912D-CDF6FBDF3FE5}.Release|Any CPU.Build.0 = Release|Any CPU
		{D5E2B50C-9A62-4F29-AA47-CD3C86A26D78}.Debug|Any CPU.ActiveCfg = Debug|Any CPU
		{D5E2B50C-9A62-4F29-AA47-CD3C86A26D78}.Debug|Any CPU.Build.0 = Debug|Any CPU
		{D5E2B50C-9A62-4F29-AA47-CD3C86A26D78}.Release|Any CPU.ActiveCfg = Release|Any CPU
		{D5E2B50C-9A62-4F29-AA47-CD3C86A26D78}.Release|Any CPU.Build.0 = Release|Any CPU
		{01CB9389-9143-44BF-BC9C-7DE1B109E785}.Debug|Any CPU.ActiveCfg = Debug|Any CPU
		{01CB9389-9143-44BF-BC9C-7DE1B109E785}.Debug|Any CPU.Build.0 = Debug|Any CPU
		{01CB9389-9143-44BF-BC9C-7DE1B109E785}.Release|Any CPU.ActiveCfg = Release|Any CPU
		{01CB9389-9143-44BF-BC9C-7DE1B109E785}.Release|Any CPU.Build.0 = Release|Any CPU
		{FC34A5FA-C996-4CF7-9467-4A64824EE18C}.Debug|Any CPU.ActiveCfg = Debug|Any CPU
		{FC34A5FA-C996-4CF7-9467-4A64824EE18C}.Debug|Any CPU.Build.0 = Debug|Any CPU
		{FC34A5FA-C996-4CF7-9467-4A64824EE18C}.Release|Any CPU.ActiveCfg = Release|Any CPU
		{FC34A5FA-C996-4CF7-9467-4A64824EE18C}.Release|Any CPU.Build.0 = Release|Any CPU
		{75179151-C358-4DC2-A4C1-EA24656971A9}.Debug|Any CPU.ActiveCfg = Debug|Any CPU
		{75179151-C358-4DC2-A4C1-EA24656971A9}.Debug|Any CPU.Build.0 = Debug|Any CPU
		{75179151-C358-4DC2-A4C1-EA24656971A9}.Release|Any CPU.ActiveCfg = Release|Any CPU
		{75179151-C358-4DC2-A4C1-EA24656971A9}.Release|Any CPU.Build.0 = Release|Any CPU
		{B1E10ED8-AECA-4143-A279-0E1521F9B2BE}.Debug|Any CPU.ActiveCfg = Debug|Any CPU
		{B1E10ED8-AECA-4143-A279-0E1521F9B2BE}.Debug|Any CPU.Build.0 = Debug|Any CPU
		{B1E10ED8-AECA-4143-A279-0E1521F9B2BE}.Release|Any CPU.ActiveCfg = Release|Any CPU
		{B1E10ED8-AECA-4143-A279-0E1521F9B2BE}.Release|Any CPU.Build.0 = Release|Any CPU
		{0D31FA23-3CEF-48E0-B049-D93788C182D9}.Debug|Any CPU.ActiveCfg = Debug|Any CPU
		{0D31FA23-3CEF-48E0-B049-D93788C182D9}.Debug|Any CPU.Build.0 = Debug|Any CPU
		{0D31FA23-3CEF-48E0-B049-D93788C182D9}.Release|Any CPU.ActiveCfg = Release|Any CPU
		{0D31FA23-3CEF-48E0-B049-D93788C182D9}.Release|Any CPU.Build.0 = Release|Any CPU
		{2B79F19C-B6A1-4458-A4EB-533D67E5E2F3}.Debug|Any CPU.ActiveCfg = Debug|Any CPU
		{2B79F19C-B6A1-4458-A4EB-533D67E5E2F3}.Debug|Any CPU.Build.0 = Debug|Any CPU
		{2B79F19C-B6A1-4458-A4EB-533D67E5E2F3}.Release|Any CPU.ActiveCfg = Release|Any CPU
		{2B79F19C-B6A1-4458-A4EB-533D67E5E2F3}.Release|Any CPU.Build.0 = Release|Any CPU
		{A634E2E9-C0A2-4868-8402-499D63FA3F96}.Debug|Any CPU.ActiveCfg = Debug|Any CPU
		{A634E2E9-C0A2-4868-8402-499D63FA3F96}.Debug|Any CPU.Build.0 = Debug|Any CPU
		{A634E2E9-C0A2-4868-8402-499D63FA3F96}.Release|Any CPU.ActiveCfg = Release|Any CPU
		{A634E2E9-C0A2-4868-8402-499D63FA3F96}.Release|Any CPU.Build.0 = Release|Any CPU
		{6506C108-8209-4E41-804C-B65493D629AC}.Debug|Any CPU.ActiveCfg = Debug|Any CPU
		{6506C108-8209-4E41-804C-B65493D629AC}.Debug|Any CPU.Build.0 = Debug|Any CPU
		{6506C108-8209-4E41-804C-B65493D629AC}.Release|Any CPU.ActiveCfg = Release|Any CPU
		{6506C108-8209-4E41-804C-B65493D629AC}.Release|Any CPU.Build.0 = Release|Any CPU
		{E245F297-03B3-47A5-8CE6-8087511F89FF}.Debug|Any CPU.ActiveCfg = Debug|Any CPU
		{E245F297-03B3-47A5-8CE6-8087511F89FF}.Debug|Any CPU.Build.0 = Debug|Any CPU
		{E245F297-03B3-47A5-8CE6-8087511F89FF}.Release|Any CPU.ActiveCfg = Release|Any CPU
		{E245F297-03B3-47A5-8CE6-8087511F89FF}.Release|Any CPU.Build.0 = Release|Any CPU
		{6239E189-7E09-4BEB-973F-9A4FCA71DFE6}.Debug|Any CPU.ActiveCfg = Debug|Any CPU
		{6239E189-7E09-4BEB-973F-9A4FCA71DFE6}.Debug|Any CPU.Build.0 = Debug|Any CPU
		{6239E189-7E09-4BEB-973F-9A4FCA71DFE6}.Release|Any CPU.ActiveCfg = Release|Any CPU
		{6239E189-7E09-4BEB-973F-9A4FCA71DFE6}.Release|Any CPU.Build.0 = Release|Any CPU
		{124A9532-6364-4DB8-A357-3999BCB6AD84}.Debug|Any CPU.ActiveCfg = Debug|Any CPU
		{124A9532-6364-4DB8-A357-3999BCB6AD84}.Debug|Any CPU.Build.0 = Debug|Any CPU
		{124A9532-6364-4DB8-A357-3999BCB6AD84}.Release|Any CPU.ActiveCfg = Release|Any CPU
		{124A9532-6364-4DB8-A357-3999BCB6AD84}.Release|Any CPU.Build.0 = Release|Any CPU
		{2160A7D6-11ED-4D69-8D15-88467EB32891}.Debug|Any CPU.ActiveCfg = Debug|Any CPU
		{2160A7D6-11ED-4D69-8D15-88467EB32891}.Debug|Any CPU.Build.0 = Debug|Any CPU
		{2160A7D6-11ED-4D69-8D15-88467EB32891}.Release|Any CPU.ActiveCfg = Release|Any CPU
		{2160A7D6-11ED-4D69-8D15-88467EB32891}.Release|Any CPU.Build.0 = Release|Any CPU
		{621120A4-16DB-44F6-B48B-98CA92F7E4C0}.Debug|Any CPU.ActiveCfg = Debug|Any CPU
		{621120A4-16DB-44F6-B48B-98CA92F7E4C0}.Debug|Any CPU.Build.0 = Debug|Any CPU
		{621120A4-16DB-44F6-B48B-98CA92F7E4C0}.Release|Any CPU.ActiveCfg = Release|Any CPU
		{621120A4-16DB-44F6-B48B-98CA92F7E4C0}.Release|Any CPU.Build.0 = Release|Any CPU
		{B8D13E32-9C67-4EAB-A75B-05A506DC61CA}.Debug|Any CPU.ActiveCfg = Debug|Any CPU
		{B8D13E32-9C67-4EAB-A75B-05A506DC61CA}.Debug|Any CPU.Build.0 = Debug|Any CPU
		{B8D13E32-9C67-4EAB-A75B-05A506DC61CA}.Release|Any CPU.ActiveCfg = Release|Any CPU
		{B8D13E32-9C67-4EAB-A75B-05A506DC61CA}.Release|Any CPU.Build.0 = Release|Any CPU
		{424BD9CF-6646-4CE4-A07F-D58C134489A9}.Debug|Any CPU.ActiveCfg = Debug|Any CPU
		{424BD9CF-6646-4CE4-A07F-D58C134489A9}.Debug|Any CPU.Build.0 = Debug|Any CPU
		{424BD9CF-6646-4CE4-A07F-D58C134489A9}.Release|Any CPU.ActiveCfg = Release|Any CPU
		{424BD9CF-6646-4CE4-A07F-D58C134489A9}.Release|Any CPU.Build.0 = Release|Any CPU
		{14A9E2D9-6524-4EE3-ABAA-A8DE3705A53E}.Debug|Any CPU.ActiveCfg = Debug|Any CPU
		{14A9E2D9-6524-4EE3-ABAA-A8DE3705A53E}.Debug|Any CPU.Build.0 = Debug|Any CPU
		{14A9E2D9-6524-4EE3-ABAA-A8DE3705A53E}.Release|Any CPU.ActiveCfg = Release|Any CPU
		{14A9E2D9-6524-4EE3-ABAA-A8DE3705A53E}.Release|Any CPU.Build.0 = Release|Any CPU
		{BBE97068-9383-4B7F-B910-A5F0D57FE951}.Debug|Any CPU.ActiveCfg = Debug|Any CPU
		{BBE97068-9383-4B7F-B910-A5F0D57FE951}.Debug|Any CPU.Build.0 = Debug|Any CPU
		{BBE97068-9383-4B7F-B910-A5F0D57FE951}.Release|Any CPU.ActiveCfg = Release|Any CPU
		{BBE97068-9383-4B7F-B910-A5F0D57FE951}.Release|Any CPU.Build.0 = Release|Any CPU
		{7CC48CD0-91C8-499F-BFE2-22935BCA5B66}.Debug|Any CPU.ActiveCfg = Debug|Any CPU
		{7CC48CD0-91C8-499F-BFE2-22935BCA5B66}.Debug|Any CPU.Build.0 = Debug|Any CPU
		{7CC48CD0-91C8-499F-BFE2-22935BCA5B66}.Release|Any CPU.ActiveCfg = Release|Any CPU
		{7CC48CD0-91C8-499F-BFE2-22935BCA5B66}.Release|Any CPU.Build.0 = Release|Any CPU
		{AE464C1C-F9C7-4976-A9B1-C27607B233AA}.Debug|Any CPU.ActiveCfg = Debug|Any CPU
		{AE464C1C-F9C7-4976-A9B1-C27607B233AA}.Debug|Any CPU.Build.0 = Debug|Any CPU
		{AE464C1C-F9C7-4976-A9B1-C27607B233AA}.Release|Any CPU.ActiveCfg = Release|Any CPU
		{AE464C1C-F9C7-4976-A9B1-C27607B233AA}.Release|Any CPU.Build.0 = Release|Any CPU
		{34E31327-C01A-4759-88A7-B60F1F3E9A7E}.Debug|Any CPU.ActiveCfg = Debug|Any CPU
		{34E31327-C01A-4759-88A7-B60F1F3E9A7E}.Debug|Any CPU.Build.0 = Debug|Any CPU
		{34E31327-C01A-4759-88A7-B60F1F3E9A7E}.Release|Any CPU.ActiveCfg = Release|Any CPU
		{34E31327-C01A-4759-88A7-B60F1F3E9A7E}.Release|Any CPU.Build.0 = Release|Any CPU
		{8CF7B2B5-C476-4023-87D9-B1163979B766}.Debug|Any CPU.ActiveCfg = Debug|Any CPU
		{8CF7B2B5-C476-4023-87D9-B1163979B766}.Debug|Any CPU.Build.0 = Debug|Any CPU
		{8CF7B2B5-C476-4023-87D9-B1163979B766}.Release|Any CPU.ActiveCfg = Release|Any CPU
		{8CF7B2B5-C476-4023-87D9-B1163979B766}.Release|Any CPU.Build.0 = Release|Any CPU
		{F9F1626E-C1AC-4CB1-9C89-02F89343B3E8}.Debug|Any CPU.ActiveCfg = Debug|Any CPU
		{F9F1626E-C1AC-4CB1-9C89-02F89343B3E8}.Debug|Any CPU.Build.0 = Debug|Any CPU
		{F9F1626E-C1AC-4CB1-9C89-02F89343B3E8}.Release|Any CPU.ActiveCfg = Release|Any CPU
		{F9F1626E-C1AC-4CB1-9C89-02F89343B3E8}.Release|Any CPU.Build.0 = Release|Any CPU
		{54EC1E91-6381-4A91-BFB3-F5917CF6161C}.Debug|Any CPU.ActiveCfg = Debug|Any CPU
		{54EC1E91-6381-4A91-BFB3-F5917CF6161C}.Debug|Any CPU.Build.0 = Debug|Any CPU
		{54EC1E91-6381-4A91-BFB3-F5917CF6161C}.Release|Any CPU.ActiveCfg = Release|Any CPU
		{54EC1E91-6381-4A91-BFB3-F5917CF6161C}.Release|Any CPU.Build.0 = Release|Any CPU
		{591086C9-894A-4C11-A227-05D9B6191806}.Debug|Any CPU.ActiveCfg = Debug|Any CPU
		{591086C9-894A-4C11-A227-05D9B6191806}.Debug|Any CPU.Build.0 = Debug|Any CPU
		{591086C9-894A-4C11-A227-05D9B6191806}.Release|Any CPU.ActiveCfg = Release|Any CPU
		{591086C9-894A-4C11-A227-05D9B6191806}.Release|Any CPU.Build.0 = Release|Any CPU
		{D99B52B8-7B86-4441-97B2-FFD7EFDFF495}.Debug|Any CPU.ActiveCfg = Debug|Any CPU
		{D99B52B8-7B86-4441-97B2-FFD7EFDFF495}.Debug|Any CPU.Build.0 = Debug|Any CPU
		{D99B52B8-7B86-4441-97B2-FFD7EFDFF495}.Release|Any CPU.ActiveCfg = Release|Any CPU
		{D99B52B8-7B86-4441-97B2-FFD7EFDFF495}.Release|Any CPU.Build.0 = Release|Any CPU
		{2F9D303E-75C5-4F83-86D9-145A1DEF8763}.Debug|Any CPU.ActiveCfg = Debug|Any CPU
		{2F9D303E-75C5-4F83-86D9-145A1DEF8763}.Debug|Any CPU.Build.0 = Debug|Any CPU
		{2F9D303E-75C5-4F83-86D9-145A1DEF8763}.Release|Any CPU.ActiveCfg = Release|Any CPU
		{2F9D303E-75C5-4F83-86D9-145A1DEF8763}.Release|Any CPU.Build.0 = Release|Any CPU
		{41326D66-1CFC-456A-8CF8-E96F580F429A}.Debug|Any CPU.ActiveCfg = Debug|Any CPU
		{41326D66-1CFC-456A-8CF8-E96F580F429A}.Debug|Any CPU.Build.0 = Debug|Any CPU
		{41326D66-1CFC-456A-8CF8-E96F580F429A}.Release|Any CPU.ActiveCfg = Release|Any CPU
		{41326D66-1CFC-456A-8CF8-E96F580F429A}.Release|Any CPU.Build.0 = Release|Any CPU
		{8141E991-DD54-47DE-92F0-8F155563BEAA}.Debug|Any CPU.ActiveCfg = Debug|Any CPU
		{8141E991-DD54-47DE-92F0-8F155563BEAA}.Debug|Any CPU.Build.0 = Debug|Any CPU
		{8141E991-DD54-47DE-92F0-8F155563BEAA}.Release|Any CPU.ActiveCfg = Release|Any CPU
		{8141E991-DD54-47DE-92F0-8F155563BEAA}.Release|Any CPU.Build.0 = Release|Any CPU
		{18C72AAB-0E25-4D7E-8B86-6C2C2E068172}.Debug|Any CPU.ActiveCfg = Debug|Any CPU
		{18C72AAB-0E25-4D7E-8B86-6C2C2E068172}.Debug|Any CPU.Build.0 = Debug|Any CPU
		{18C72AAB-0E25-4D7E-8B86-6C2C2E068172}.Release|Any CPU.ActiveCfg = Release|Any CPU
		{18C72AAB-0E25-4D7E-8B86-6C2C2E068172}.Release|Any CPU.Build.0 = Release|Any CPU
		{1F7E3836-CD9F-4F9D-BFB0-7DDB69ADE552}.Debug|Any CPU.ActiveCfg = Debug|Any CPU
		{1F7E3836-CD9F-4F9D-BFB0-7DDB69ADE552}.Debug|Any CPU.Build.0 = Debug|Any CPU
		{1F7E3836-CD9F-4F9D-BFB0-7DDB69ADE552}.Release|Any CPU.ActiveCfg = Release|Any CPU
		{1F7E3836-CD9F-4F9D-BFB0-7DDB69ADE552}.Release|Any CPU.Build.0 = Release|Any CPU
		{1DF2D68A-5CCF-4C68-BF49-C86FD043CC05}.Debug|Any CPU.ActiveCfg = Debug|Any CPU
		{1DF2D68A-5CCF-4C68-BF49-C86FD043CC05}.Debug|Any CPU.Build.0 = Debug|Any CPU
		{1DF2D68A-5CCF-4C68-BF49-C86FD043CC05}.Release|Any CPU.ActiveCfg = Release|Any CPU
		{1DF2D68A-5CCF-4C68-BF49-C86FD043CC05}.Release|Any CPU.Build.0 = Release|Any CPU
		{9174C09D-0C85-4DEF-BD94-FFAC8869013E}.Debug|Any CPU.ActiveCfg = Debug|Any CPU
		{9174C09D-0C85-4DEF-BD94-FFAC8869013E}.Debug|Any CPU.Build.0 = Debug|Any CPU
		{9174C09D-0C85-4DEF-BD94-FFAC8869013E}.Release|Any CPU.ActiveCfg = Release|Any CPU
		{9174C09D-0C85-4DEF-BD94-FFAC8869013E}.Release|Any CPU.Build.0 = Release|Any CPU
		{655BCCD4-48C5-474D-A00E-111A960FAB8F}.Debug|Any CPU.ActiveCfg = Debug|Any CPU
		{655BCCD4-48C5-474D-A00E-111A960FAB8F}.Debug|Any CPU.Build.0 = Debug|Any CPU
		{655BCCD4-48C5-474D-A00E-111A960FAB8F}.Release|Any CPU.ActiveCfg = Release|Any CPU
		{655BCCD4-48C5-474D-A00E-111A960FAB8F}.Release|Any CPU.Build.0 = Release|Any CPU
		{545F7DB9-46A9-4446-BA37-53ACD1689E4E}.Debug|Any CPU.ActiveCfg = Debug|Any CPU
		{545F7DB9-46A9-4446-BA37-53ACD1689E4E}.Debug|Any CPU.Build.0 = Debug|Any CPU
		{545F7DB9-46A9-4446-BA37-53ACD1689E4E}.Release|Any CPU.ActiveCfg = Release|Any CPU
		{545F7DB9-46A9-4446-BA37-53ACD1689E4E}.Release|Any CPU.Build.0 = Release|Any CPU
		{255723AF-E9DC-4603-B09F-10A7CE32BB7C}.Debug|Any CPU.ActiveCfg = Debug|Any CPU
		{255723AF-E9DC-4603-B09F-10A7CE32BB7C}.Debug|Any CPU.Build.0 = Debug|Any CPU
		{255723AF-E9DC-4603-B09F-10A7CE32BB7C}.Release|Any CPU.ActiveCfg = Release|Any CPU
		{255723AF-E9DC-4603-B09F-10A7CE32BB7C}.Release|Any CPU.Build.0 = Release|Any CPU
		{5CD76D5C-9D4F-499F-A474-3C957F36DA71}.Debug|Any CPU.ActiveCfg = Debug|Any CPU
		{5CD76D5C-9D4F-499F-A474-3C957F36DA71}.Debug|Any CPU.Build.0 = Debug|Any CPU
		{5CD76D5C-9D4F-499F-A474-3C957F36DA71}.Release|Any CPU.ActiveCfg = Release|Any CPU
		{5CD76D5C-9D4F-499F-A474-3C957F36DA71}.Release|Any CPU.Build.0 = Release|Any CPU
		{13544F6F-74E5-423F-AE1E-21C8F90F1C1C}.Debug|Any CPU.ActiveCfg = Debug|Any CPU
		{13544F6F-74E5-423F-AE1E-21C8F90F1C1C}.Debug|Any CPU.Build.0 = Debug|Any CPU
		{13544F6F-74E5-423F-AE1E-21C8F90F1C1C}.Release|Any CPU.ActiveCfg = Release|Any CPU
		{13544F6F-74E5-423F-AE1E-21C8F90F1C1C}.Release|Any CPU.Build.0 = Release|Any CPU
		{7FBCDD3D-2748-4612-973E-E9E085932127}.Debug|Any CPU.ActiveCfg = Debug|Any CPU
		{7FBCDD3D-2748-4612-973E-E9E085932127}.Debug|Any CPU.Build.0 = Debug|Any CPU
		{7FBCDD3D-2748-4612-973E-E9E085932127}.Release|Any CPU.ActiveCfg = Release|Any CPU
		{7FBCDD3D-2748-4612-973E-E9E085932127}.Release|Any CPU.Build.0 = Release|Any CPU
		{F7F7A8C9-6153-40C6-826E-FC66CDAA1174}.Debug|Any CPU.ActiveCfg = Debug|Any CPU
		{F7F7A8C9-6153-40C6-826E-FC66CDAA1174}.Debug|Any CPU.Build.0 = Debug|Any CPU
		{F7F7A8C9-6153-40C6-826E-FC66CDAA1174}.Release|Any CPU.ActiveCfg = Release|Any CPU
		{F7F7A8C9-6153-40C6-826E-FC66CDAA1174}.Release|Any CPU.Build.0 = Release|Any CPU
		{893FA746-870C-4585-AE58-D2B316F9AD09}.Debug|Any CPU.ActiveCfg = Debug|Any CPU
		{893FA746-870C-4585-AE58-D2B316F9AD09}.Debug|Any CPU.Build.0 = Debug|Any CPU
		{893FA746-870C-4585-AE58-D2B316F9AD09}.Release|Any CPU.ActiveCfg = Release|Any CPU
		{893FA746-870C-4585-AE58-D2B316F9AD09}.Release|Any CPU.Build.0 = Release|Any CPU
		{62673259-47C6-4B91-AE14-0B140DFE7E8A}.Debug|Any CPU.ActiveCfg = Debug|Any CPU
		{62673259-47C6-4B91-AE14-0B140DFE7E8A}.Debug|Any CPU.Build.0 = Debug|Any CPU
		{62673259-47C6-4B91-AE14-0B140DFE7E8A}.Release|Any CPU.ActiveCfg = Release|Any CPU
		{62673259-47C6-4B91-AE14-0B140DFE7E8A}.Release|Any CPU.Build.0 = Release|Any CPU
		{B29B8EE6-CB63-42CD-A262-E4BE83C7DA49}.Debug|Any CPU.ActiveCfg = Debug|Any CPU
		{B29B8EE6-CB63-42CD-A262-E4BE83C7DA49}.Debug|Any CPU.Build.0 = Debug|Any CPU
		{B29B8EE6-CB63-42CD-A262-E4BE83C7DA49}.Release|Any CPU.ActiveCfg = Release|Any CPU
		{B29B8EE6-CB63-42CD-A262-E4BE83C7DA49}.Release|Any CPU.Build.0 = Release|Any CPU
		{B00EF4E0-8C42-41E1-8FEF-94C70F229D73}.Debug|Any CPU.ActiveCfg = Debug|Any CPU
		{B00EF4E0-8C42-41E1-8FEF-94C70F229D73}.Debug|Any CPU.Build.0 = Debug|Any CPU
		{B00EF4E0-8C42-41E1-8FEF-94C70F229D73}.Release|Any CPU.ActiveCfg = Release|Any CPU
		{B00EF4E0-8C42-41E1-8FEF-94C70F229D73}.Release|Any CPU.Build.0 = Release|Any CPU
		{224EAEF9-CE2F-4C67-AB34-723FBB19F219}.Debug|Any CPU.ActiveCfg = Debug|Any CPU
		{224EAEF9-CE2F-4C67-AB34-723FBB19F219}.Debug|Any CPU.Build.0 = Debug|Any CPU
		{224EAEF9-CE2F-4C67-AB34-723FBB19F219}.Release|Any CPU.ActiveCfg = Release|Any CPU
		{224EAEF9-CE2F-4C67-AB34-723FBB19F219}.Release|Any CPU.Build.0 = Release|Any CPU
		{10078687-2241-4586-A2C7-57222A04875A}.Debug|Any CPU.ActiveCfg = Debug|Any CPU
		{10078687-2241-4586-A2C7-57222A04875A}.Debug|Any CPU.Build.0 = Debug|Any CPU
		{10078687-2241-4586-A2C7-57222A04875A}.Release|Any CPU.ActiveCfg = Release|Any CPU
		{10078687-2241-4586-A2C7-57222A04875A}.Release|Any CPU.Build.0 = Release|Any CPU
		{7F6347B9-0080-43F3-8EA1-335B443F2AA9}.Debug|Any CPU.ActiveCfg = Debug|Any CPU
		{7F6347B9-0080-43F3-8EA1-335B443F2AA9}.Debug|Any CPU.Build.0 = Debug|Any CPU
		{7F6347B9-0080-43F3-8EA1-335B443F2AA9}.Release|Any CPU.ActiveCfg = Release|Any CPU
		{7F6347B9-0080-43F3-8EA1-335B443F2AA9}.Release|Any CPU.Build.0 = Release|Any CPU
		{EE739BCB-5C57-43E8-B766-C0D12960FF03}.Debug|Any CPU.ActiveCfg = Debug|Any CPU
		{EE739BCB-5C57-43E8-B766-C0D12960FF03}.Debug|Any CPU.Build.0 = Debug|Any CPU
		{EE739BCB-5C57-43E8-B766-C0D12960FF03}.Release|Any CPU.ActiveCfg = Release|Any CPU
		{EE739BCB-5C57-43E8-B766-C0D12960FF03}.Release|Any CPU.Build.0 = Release|Any CPU
		{6849124A-0422-4AD1-8BEB-8CA70559E82A}.Debug|Any CPU.ActiveCfg = Debug|Any CPU
		{6849124A-0422-4AD1-8BEB-8CA70559E82A}.Debug|Any CPU.Build.0 = Debug|Any CPU
		{6849124A-0422-4AD1-8BEB-8CA70559E82A}.Release|Any CPU.ActiveCfg = Release|Any CPU
		{6849124A-0422-4AD1-8BEB-8CA70559E82A}.Release|Any CPU.Build.0 = Release|Any CPU
		{15390417-412C-4551-AF1F-D7837641BC39}.Debug|Any CPU.ActiveCfg = Debug|Any CPU
		{15390417-412C-4551-AF1F-D7837641BC39}.Debug|Any CPU.Build.0 = Debug|Any CPU
		{15390417-412C-4551-AF1F-D7837641BC39}.Release|Any CPU.ActiveCfg = Release|Any CPU
		{15390417-412C-4551-AF1F-D7837641BC39}.Release|Any CPU.Build.0 = Release|Any CPU
		{7A9DE58E-DA48-4926-A2A4-E03E430E39E9}.Debug|Any CPU.ActiveCfg = Debug|Any CPU
		{7A9DE58E-DA48-4926-A2A4-E03E430E39E9}.Debug|Any CPU.Build.0 = Debug|Any CPU
		{7A9DE58E-DA48-4926-A2A4-E03E430E39E9}.Release|Any CPU.ActiveCfg = Release|Any CPU
		{7A9DE58E-DA48-4926-A2A4-E03E430E39E9}.Release|Any CPU.Build.0 = Release|Any CPU
		{B431ACBA-0865-4BDD-A77E-479CA4AD00FB}.Debug|Any CPU.ActiveCfg = Debug|Any CPU
		{B431ACBA-0865-4BDD-A77E-479CA4AD00FB}.Debug|Any CPU.Build.0 = Debug|Any CPU
		{B431ACBA-0865-4BDD-A77E-479CA4AD00FB}.Release|Any CPU.ActiveCfg = Release|Any CPU
		{B431ACBA-0865-4BDD-A77E-479CA4AD00FB}.Release|Any CPU.Build.0 = Release|Any CPU
		{4A881173-FDE7-4C4C-8D29-F83ED571CB38}.Debug|Any CPU.ActiveCfg = Debug|Any CPU
		{4A881173-FDE7-4C4C-8D29-F83ED571CB38}.Debug|Any CPU.Build.0 = Debug|Any CPU
		{4A881173-FDE7-4C4C-8D29-F83ED571CB38}.Release|Any CPU.ActiveCfg = Release|Any CPU
		{4A881173-FDE7-4C4C-8D29-F83ED571CB38}.Release|Any CPU.Build.0 = Release|Any CPU
		{2C091D0F-C140-46DC-8726-E78CF78481F4}.Debug|Any CPU.ActiveCfg = Debug|Any CPU
		{2C091D0F-C140-46DC-8726-E78CF78481F4}.Debug|Any CPU.Build.0 = Debug|Any CPU
		{2C091D0F-C140-46DC-8726-E78CF78481F4}.Release|Any CPU.ActiveCfg = Release|Any CPU
		{2C091D0F-C140-46DC-8726-E78CF78481F4}.Release|Any CPU.Build.0 = Release|Any CPU
		{75516FE1-ECA1-475B-8D1F-904710602505}.Debug|Any CPU.ActiveCfg = Debug|Any CPU
		{75516FE1-ECA1-475B-8D1F-904710602505}.Debug|Any CPU.Build.0 = Debug|Any CPU
		{75516FE1-ECA1-475B-8D1F-904710602505}.Release|Any CPU.ActiveCfg = Release|Any CPU
		{75516FE1-ECA1-475B-8D1F-904710602505}.Release|Any CPU.Build.0 = Release|Any CPU
		{6E1DF8A9-9108-4A70-BF13-684A42A4FA2C}.Debug|Any CPU.ActiveCfg = Debug|Any CPU
		{6E1DF8A9-9108-4A70-BF13-684A42A4FA2C}.Debug|Any CPU.Build.0 = Debug|Any CPU
		{6E1DF8A9-9108-4A70-BF13-684A42A4FA2C}.Release|Any CPU.ActiveCfg = Release|Any CPU
		{6E1DF8A9-9108-4A70-BF13-684A42A4FA2C}.Release|Any CPU.Build.0 = Release|Any CPU
		{0F50CB69-B29B-4096-B25E-7375DB288406}.Debug|Any CPU.ActiveCfg = Debug|Any CPU
		{0F50CB69-B29B-4096-B25E-7375DB288406}.Debug|Any CPU.Build.0 = Debug|Any CPU
		{0F50CB69-B29B-4096-B25E-7375DB288406}.Release|Any CPU.ActiveCfg = Release|Any CPU
		{0F50CB69-B29B-4096-B25E-7375DB288406}.Release|Any CPU.Build.0 = Release|Any CPU
		{52E91281-AA81-4827-BA0E-492C1B63E3BD}.Debug|Any CPU.ActiveCfg = Debug|Any CPU
		{52E91281-AA81-4827-BA0E-492C1B63E3BD}.Debug|Any CPU.Build.0 = Debug|Any CPU
		{52E91281-AA81-4827-BA0E-492C1B63E3BD}.Release|Any CPU.ActiveCfg = Release|Any CPU
		{52E91281-AA81-4827-BA0E-492C1B63E3BD}.Release|Any CPU.Build.0 = Release|Any CPU
		{28585F4B-3AB1-4E95-8CE9-A877A428EE2B}.Debug|Any CPU.ActiveCfg = Debug|Any CPU
		{28585F4B-3AB1-4E95-8CE9-A877A428EE2B}.Debug|Any CPU.Build.0 = Debug|Any CPU
		{28585F4B-3AB1-4E95-8CE9-A877A428EE2B}.Release|Any CPU.ActiveCfg = Release|Any CPU
		{28585F4B-3AB1-4E95-8CE9-A877A428EE2B}.Release|Any CPU.Build.0 = Release|Any CPU
		{7AED4CBB-63B4-4F50-8E98-F15D91D7EB5B}.Debug|Any CPU.ActiveCfg = Debug|Any CPU
		{7AED4CBB-63B4-4F50-8E98-F15D91D7EB5B}.Debug|Any CPU.Build.0 = Debug|Any CPU
		{7AED4CBB-63B4-4F50-8E98-F15D91D7EB5B}.Release|Any CPU.ActiveCfg = Release|Any CPU
		{7AED4CBB-63B4-4F50-8E98-F15D91D7EB5B}.Release|Any CPU.Build.0 = Release|Any CPU
		{D0672E7F-56AA-4730-BD06-82EEAC4483B6}.Debug|Any CPU.ActiveCfg = Debug|Any CPU
		{D0672E7F-56AA-4730-BD06-82EEAC4483B6}.Debug|Any CPU.Build.0 = Debug|Any CPU
		{D0672E7F-56AA-4730-BD06-82EEAC4483B6}.Release|Any CPU.ActiveCfg = Release|Any CPU
		{D0672E7F-56AA-4730-BD06-82EEAC4483B6}.Release|Any CPU.Build.0 = Release|Any CPU
		{B0217400-D96D-4543-B64B-C9E71BB1B831}.Debug|Any CPU.ActiveCfg = Debug|Any CPU
		{B0217400-D96D-4543-B64B-C9E71BB1B831}.Debug|Any CPU.Build.0 = Debug|Any CPU
		{B0217400-D96D-4543-B64B-C9E71BB1B831}.Release|Any CPU.ActiveCfg = Release|Any CPU
		{B0217400-D96D-4543-B64B-C9E71BB1B831}.Release|Any CPU.Build.0 = Release|Any CPU
		{9D8E8E90-8F20-4F98-BB23-218543172379}.Debug|Any CPU.ActiveCfg = Debug|Any CPU
		{9D8E8E90-8F20-4F98-BB23-218543172379}.Debug|Any CPU.Build.0 = Debug|Any CPU
		{9D8E8E90-8F20-4F98-BB23-218543172379}.Release|Any CPU.ActiveCfg = Release|Any CPU
		{9D8E8E90-8F20-4F98-BB23-218543172379}.Release|Any CPU.Build.0 = Release|Any CPU
		{7E8E5D27-E9AE-4592-929F-A88B52743862}.Debug|Any CPU.ActiveCfg = Debug|Any CPU
		{7E8E5D27-E9AE-4592-929F-A88B52743862}.Debug|Any CPU.Build.0 = Debug|Any CPU
		{7E8E5D27-E9AE-4592-929F-A88B52743862}.Release|Any CPU.ActiveCfg = Release|Any CPU
		{7E8E5D27-E9AE-4592-929F-A88B52743862}.Release|Any CPU.Build.0 = Release|Any CPU
		{17541254-75B4-4558-A563-788883AB3699}.Debug|Any CPU.ActiveCfg = Debug|Any CPU
		{17541254-75B4-4558-A563-788883AB3699}.Debug|Any CPU.Build.0 = Debug|Any CPU
		{17541254-75B4-4558-A563-788883AB3699}.Release|Any CPU.ActiveCfg = Release|Any CPU
		{17541254-75B4-4558-A563-788883AB3699}.Release|Any CPU.Build.0 = Release|Any CPU
	EndGlobalSection
	GlobalSection(SolutionProperties) = preSolution
		HideSolutionNode = FALSE
	EndGlobalSection
	GlobalSection(NestedProjects) = preSolution
		{231121C3-E2E2-47B0-BC33-FF2C252A167A} = {F981B958-ADA4-45F1-A244-E2FCD8F12D31}
		{1173936E-C87B-4CFE-9673-6CBB0E59678B} = {F981B958-ADA4-45F1-A244-E2FCD8F12D31}
		{A336D5D3-1F9A-44CC-972A-A69E63B236A3} = {F981B958-ADA4-45F1-A244-E2FCD8F12D31}
		{D3F2CDE0-E12C-4533-A93E-A5CA700350A8} = {F981B958-ADA4-45F1-A244-E2FCD8F12D31}
		{19FA9EDF-0F6E-4791-AE67-847795E4BF2C} = {F981B958-ADA4-45F1-A244-E2FCD8F12D31}
		{0ECB80CC-8F16-47E9-9641-9A9AA2DCDC4A} = {F981B958-ADA4-45F1-A244-E2FCD8F12D31}
		{58430691-32E1-45DE-A282-816CFC572608} = {F981B958-ADA4-45F1-A244-E2FCD8F12D31}
		{3EFADFE6-93BA-45B9-AD39-0DFF7B0F00E3} = {F981B958-ADA4-45F1-A244-E2FCD8F12D31}
		{AD6A5A0F-8E22-4049-AF2C-7793A2378298} = {F981B958-ADA4-45F1-A244-E2FCD8F12D31}
		{846F2071-AC1D-494D-964D-4A13124698DD} = {F981B958-ADA4-45F1-A244-E2FCD8F12D31}
		{5113AA63-5366-4B84-9945-9336A9831C3D} = {F981B958-ADA4-45F1-A244-E2FCD8F12D31}
		{C6E520CE-9331-4990-89FF-508F5C1DCA6F} = {F981B958-ADA4-45F1-A244-E2FCD8F12D31}
		{C8E7852E-7F86-47E9-B1D8-A3A36FB4066E} = {F981B958-ADA4-45F1-A244-E2FCD8F12D31}
		{B7E7F0B0-03E5-43FE-998E-2104D5DC1A45} = {C8AC13C3-A8C2-4562-83FF-073AFC0245D5}
		{293C514D-DD3D-48CC-BEF5-6E8F934ACF2C} = {C8AC13C3-A8C2-4562-83FF-073AFC0245D5}
		{EAC02990-401D-4E37-8223-101267789E2C} = {C8AC13C3-A8C2-4562-83FF-073AFC0245D5}
		{F45270A0-9D1D-404B-8B88-809F5F8D7521} = {C8AC13C3-A8C2-4562-83FF-073AFC0245D5}
		{05432F65-F5EB-44EE-9ECD-6C66640C7521} = {E106BFA1-E7E2-4C9A-B1D3-62DFAD2815FB}
		{0581A10C-AA19-44B4-BA08-DC8D2A74489A} = {7396C955-5F66-4CCF-BCF8-8D529D1599C7}
		{89559E31-85F9-4FA2-B157-0FE9B8850187} = {7396C955-5F66-4CCF-BCF8-8D529D1599C7}
		{A6A15503-7B05-4BF7-845F-66E38452688E} = {7396C955-5F66-4CCF-BCF8-8D529D1599C7}
		{29D4CE6B-4B79-4EBE-9B5C-AF6E6AD1EBE4} = {7396C955-5F66-4CCF-BCF8-8D529D1599C7}
		{9406A987-C7FB-4EBA-A4FF-F8CFCA4C525C} = {767C4106-49B1-4FE1-AEE0-3F9DFFDCAD48}
		{1E281DD5-1374-4C63-912D-CDF6FBDF3FE5} = {767C4106-49B1-4FE1-AEE0-3F9DFFDCAD48}
		{D5E2B50C-9A62-4F29-AA47-CD3C86A26D78} = {BA0829DF-A9C1-4B23-BF32-956B9336144E}
		{01CB9389-9143-44BF-BC9C-7DE1B109E785} = {BA0829DF-A9C1-4B23-BF32-956B9336144E}
		{FC34A5FA-C996-4CF7-9467-4A64824EE18C} = {BA0829DF-A9C1-4B23-BF32-956B9336144E}
		{75179151-C358-4DC2-A4C1-EA24656971A9} = {BA0829DF-A9C1-4B23-BF32-956B9336144E}
		{B1E10ED8-AECA-4143-A279-0E1521F9B2BE} = {BA0829DF-A9C1-4B23-BF32-956B9336144E}
		{0D31FA23-3CEF-48E0-B049-D93788C182D9} = {BA0829DF-A9C1-4B23-BF32-956B9336144E}
		{F066CC86-3733-4A8D-9FC9-0E23D826AE40} = {2A6FDA5D-5D14-4DE5-BF03-690CF40CCCCA}
		{2B79F19C-B6A1-4458-A4EB-533D67E5E2F3} = {F066CC86-3733-4A8D-9FC9-0E23D826AE40}
		{A634E2E9-C0A2-4868-8402-499D63FA3F96} = {F066CC86-3733-4A8D-9FC9-0E23D826AE40}
		{6506C108-8209-4E41-804C-B65493D629AC} = {F066CC86-3733-4A8D-9FC9-0E23D826AE40}
		{E245F297-03B3-47A5-8CE6-8087511F89FF} = {F066CC86-3733-4A8D-9FC9-0E23D826AE40}
		{6239E189-7E09-4BEB-973F-9A4FCA71DFE6} = {F066CC86-3733-4A8D-9FC9-0E23D826AE40}
		{124A9532-6364-4DB8-A357-3999BCB6AD84} = {F13C7834-63B2-4025-A805-99CCC9FC6B41}
		{744DABA9-786D-4834-8103-988BE85FD980} = {DC4B5109-0843-4CBD-A591-36E50B4C13A2}
		{2160A7D6-11ED-4D69-8D15-88467EB32891} = {744DABA9-786D-4834-8103-988BE85FD980}
		{621120A4-16DB-44F6-B48B-98CA92F7E4C0} = {983A9D79-AD20-4BA9-8B9A-004AC8EF2F56}
		{B8D13E32-9C67-4EAB-A75B-05A506DC61CA} = {F13C7834-63B2-4025-A805-99CCC9FC6B41}
		{424BD9CF-6646-4CE4-A07F-D58C134489A9} = {744DABA9-786D-4834-8103-988BE85FD980}
		{14A9E2D9-6524-4EE3-ABAA-A8DE3705A53E} = {744DABA9-786D-4834-8103-988BE85FD980}
		{BBE97068-9383-4B7F-B910-A5F0D57FE951} = {744DABA9-786D-4834-8103-988BE85FD980}
		{7CC48CD0-91C8-499F-BFE2-22935BCA5B66} = {744DABA9-786D-4834-8103-988BE85FD980}
		{AE464C1C-F9C7-4976-A9B1-C27607B233AA} = {744DABA9-786D-4834-8103-988BE85FD980}
		{34E31327-C01A-4759-88A7-B60F1F3E9A7E} = {744DABA9-786D-4834-8103-988BE85FD980}
		{8CF7B2B5-C476-4023-87D9-B1163979B766} = {744DABA9-786D-4834-8103-988BE85FD980}
		{3A9A0AF5-099A-452F-84FB-5F00B66C8FCE} = {9CFF041D-0F51-4C1E-B048-F13C098FC7E8}
		{310AD2E0-45B1-4B92-A0FF-B289A20E7FFD} = {9CFF041D-0F51-4C1E-B048-F13C098FC7E8}
		{F9F1626E-C1AC-4CB1-9C89-02F89343B3E8} = {310AD2E0-45B1-4B92-A0FF-B289A20E7FFD}
		{54EC1E91-6381-4A91-BFB3-F5917CF6161C} = {310AD2E0-45B1-4B92-A0FF-B289A20E7FFD}
		{591086C9-894A-4C11-A227-05D9B6191806} = {310AD2E0-45B1-4B92-A0FF-B289A20E7FFD}
		{D99B52B8-7B86-4441-97B2-FFD7EFDFF495} = {310AD2E0-45B1-4B92-A0FF-B289A20E7FFD}
		{2F9D303E-75C5-4F83-86D9-145A1DEF8763} = {310AD2E0-45B1-4B92-A0FF-B289A20E7FFD}
		{41326D66-1CFC-456A-8CF8-E96F580F429A} = {310AD2E0-45B1-4B92-A0FF-B289A20E7FFD}
		{8141E991-DD54-47DE-92F0-8F155563BEAA} = {310AD2E0-45B1-4B92-A0FF-B289A20E7FFD}
		{18C72AAB-0E25-4D7E-8B86-6C2C2E068172} = {310AD2E0-45B1-4B92-A0FF-B289A20E7FFD}
		{1F7E3836-CD9F-4F9D-BFB0-7DDB69ADE552} = {310AD2E0-45B1-4B92-A0FF-B289A20E7FFD}
		{1DF2D68A-5CCF-4C68-BF49-C86FD043CC05} = {310AD2E0-45B1-4B92-A0FF-B289A20E7FFD}
		{9174C09D-0C85-4DEF-BD94-FFAC8869013E} = {310AD2E0-45B1-4B92-A0FF-B289A20E7FFD}
		{655BCCD4-48C5-474D-A00E-111A960FAB8F} = {310AD2E0-45B1-4B92-A0FF-B289A20E7FFD}
		{545F7DB9-46A9-4446-BA37-53ACD1689E4E} = {310AD2E0-45B1-4B92-A0FF-B289A20E7FFD}
		{255723AF-E9DC-4603-B09F-10A7CE32BB7C} = {310AD2E0-45B1-4B92-A0FF-B289A20E7FFD}
		{5CD76D5C-9D4F-499F-A474-3C957F36DA71} = {310AD2E0-45B1-4B92-A0FF-B289A20E7FFD}
		{13544F6F-74E5-423F-AE1E-21C8F90F1C1C} = {310AD2E0-45B1-4B92-A0FF-B289A20E7FFD}
		{7FBCDD3D-2748-4612-973E-E9E085932127} = {310AD2E0-45B1-4B92-A0FF-B289A20E7FFD}
		{F7F7A8C9-6153-40C6-826E-FC66CDAA1174} = {310AD2E0-45B1-4B92-A0FF-B289A20E7FFD}
		{893FA746-870C-4585-AE58-D2B316F9AD09} = {310AD2E0-45B1-4B92-A0FF-B289A20E7FFD}
		{62673259-47C6-4B91-AE14-0B140DFE7E8A} = {310AD2E0-45B1-4B92-A0FF-B289A20E7FFD}
		{B29B8EE6-CB63-42CD-A262-E4BE83C7DA49} = {310AD2E0-45B1-4B92-A0FF-B289A20E7FFD}
		{B00EF4E0-8C42-41E1-8FEF-94C70F229D73} = {310AD2E0-45B1-4B92-A0FF-B289A20E7FFD}
		{224EAEF9-CE2F-4C67-AB34-723FBB19F219} = {310AD2E0-45B1-4B92-A0FF-B289A20E7FFD}
		{5C62859C-480D-4DBF-BA0D-527022C4561D} = {3A9A0AF5-099A-452F-84FB-5F00B66C8FCE}
		{43B0DE02-45D6-4DA9-A3EE-1F28902C9DF5} = {3A9A0AF5-099A-452F-84FB-5F00B66C8FCE}
		{10078687-2241-4586-A2C7-57222A04875A} = {43B0DE02-45D6-4DA9-A3EE-1F28902C9DF5}
		{7F6347B9-0080-43F3-8EA1-335B443F2AA9} = {5C62859C-480D-4DBF-BA0D-527022C4561D}
		{07C14039-9000-40A3-8ADB-D50CF542A46C} = {3A9A0AF5-099A-452F-84FB-5F00B66C8FCE}
		{EE739BCB-5C57-43E8-B766-C0D12960FF03} = {5C62859C-480D-4DBF-BA0D-527022C4561D}
		{6849124A-0422-4AD1-8BEB-8CA70559E82A} = {5C62859C-480D-4DBF-BA0D-527022C4561D}
		{15390417-412C-4551-AF1F-D7837641BC39} = {5C62859C-480D-4DBF-BA0D-527022C4561D}
		{7A9DE58E-DA48-4926-A2A4-E03E430E39E9} = {07C14039-9000-40A3-8ADB-D50CF542A46C}
		{B431ACBA-0865-4BDD-A77E-479CA4AD00FB} = {767C4106-49B1-4FE1-AEE0-3F9DFFDCAD48}
		{CFA6C921-26B8-4477-A74B-ADCB191FE375} = {3A9A0AF5-099A-452F-84FB-5F00B66C8FCE}
		{4A881173-FDE7-4C4C-8D29-F83ED571CB38} = {CFA6C921-26B8-4477-A74B-ADCB191FE375}
		{2BFDE816-32D7-4019-B040-6DC72990860F} = {3A9A0AF5-099A-452F-84FB-5F00B66C8FCE}
		{2C091D0F-C140-46DC-8726-E78CF78481F4} = {2BFDE816-32D7-4019-B040-6DC72990860F}
		{7E9FF9BA-3FF4-4A29-84C7-83CB651059B3} = {3A9A0AF5-099A-452F-84FB-5F00B66C8FCE}
		{75516FE1-ECA1-475B-8D1F-904710602505} = {7E9FF9BA-3FF4-4A29-84C7-83CB651059B3}
		{38B9D902-EBDA-422E-9B16-0A7BBD5A94F1} = {F6208124-B2C6-4374-BC65-DCF96064CEF4}
		{6E1DF8A9-9108-4A70-BF13-684A42A4FA2C} = {38B9D902-EBDA-422E-9B16-0A7BBD5A94F1}
		{F7A3997A-C6C6-4B46-89D3-CA515571DC3F} = {F6208124-B2C6-4374-BC65-DCF96064CEF4}
		{0F50CB69-B29B-4096-B25E-7375DB288406} = {F7A3997A-C6C6-4B46-89D3-CA515571DC3F}
		{52E91281-AA81-4827-BA0E-492C1B63E3BD} = {F7A3997A-C6C6-4B46-89D3-CA515571DC3F}
		{28585F4B-3AB1-4E95-8CE9-A877A428EE2B} = {F7A3997A-C6C6-4B46-89D3-CA515571DC3F}
		{7AED4CBB-63B4-4F50-8E98-F15D91D7EB5B} = {F7A3997A-C6C6-4B46-89D3-CA515571DC3F}
		{D0672E7F-56AA-4730-BD06-82EEAC4483B6} = {F7A3997A-C6C6-4B46-89D3-CA515571DC3F}
		{B0217400-D96D-4543-B64B-C9E71BB1B831} = {F7A3997A-C6C6-4B46-89D3-CA515571DC3F}
		{AA14391F-C0B0-4200-8B86-AC82367AB2F8} = {F6208124-B2C6-4374-BC65-DCF96064CEF4}
		{9D8E8E90-8F20-4F98-BB23-218543172379} = {AA14391F-C0B0-4200-8B86-AC82367AB2F8}
		{7E8E5D27-E9AE-4592-929F-A88B52743862} = {767C4106-49B1-4FE1-AEE0-3F9DFFDCAD48}
		{B015CF30-9BF3-499D-80B0-F5A21111C86E} = {F6208124-B2C6-4374-BC65-DCF96064CEF4}
		{17541254-75B4-4558-A563-788883AB3699} = {744DABA9-786D-4834-8103-988BE85FD980}
	EndGlobalSection
	GlobalSection(ExtensibilityGlobals) = postSolution
		SolutionGuid = {95455C4A-0775-4D75-9FAF-92E0AC469425}
	EndGlobalSection
EndGlobal
